// !$*UTF8*$!
{
	archiveVersion = 1;
	classes = {
	};
	objectVersion = 56;
	objects = {

/* Begin PBXBuildFile section */
		7D0736462A867048008469A0 /* MovieDetailsStoryboard.storyboard in Resources */ = {isa = PBXBuildFile; fileRef = 7D0736452A867048008469A0 /* MovieDetailsStoryboard.storyboard */; };
		7D0736482A869D17008469A0 /* MovieDetailsViewController.swift in Sources */ = {isa = PBXBuildFile; fileRef = 7D0736472A869D17008469A0 /* MovieDetailsViewController.swift */; };
		7D07364C2A86A11F008469A0 /* 7673103127035251441.mp4 in Resources */ = {isa = PBXBuildFile; fileRef = 7D07364B2A86A11F008469A0 /* 7673103127035251441.mp4 */; };
		7D0736582A8D347C008469A0 /* APIHandler.swift in Sources */ = {isa = PBXBuildFile; fileRef = 7D0736572A8D347C008469A0 /* APIHandler.swift */; };
		7D07365B2A8D349B008469A0 /* Alamofire in Frameworks */ = {isa = PBXBuildFile; productRef = 7D07365A2A8D349B008469A0 /* Alamofire */; };
		7D07366A2A8D5A64008469A0 /* Kingfisher in Frameworks */ = {isa = PBXBuildFile; productRef = 7D0736692A8D5A64008469A0 /* Kingfisher */; };
		7D07366C2A8E5D94008469A0 /* MoviesResponseModel.swift in Sources */ = {isa = PBXBuildFile; fileRef = 7D07366B2A8E5D94008469A0 /* MoviesResponseModel.swift */; };
		C09CD20B2A84A1A900C58757 /* AppDelegate.swift in Sources */ = {isa = PBXBuildFile; fileRef = C09CD20A2A84A1A900C58757 /* AppDelegate.swift */; };
		C09CD20D2A84A1A900C58757 /* SceneDelegate.swift in Sources */ = {isa = PBXBuildFile; fileRef = C09CD20C2A84A1A900C58757 /* SceneDelegate.swift */; };
		C09CD20F2A84A1A900C58757 /* ViewController.swift in Sources */ = {isa = PBXBuildFile; fileRef = C09CD20E2A84A1A900C58757 /* ViewController.swift */; };
		C09CD2122A84A1A900C58757 /* Main.storyboard in Resources */ = {isa = PBXBuildFile; fileRef = C09CD2102A84A1A900C58757 /* Main.storyboard */; };
		C09CD2142A84A1A900C58757 /* Assets.xcassets in Resources */ = {isa = PBXBuildFile; fileRef = C09CD2132A84A1A900C58757 /* Assets.xcassets */; };
		C09CD2172A84A1A900C58757 /* LaunchScreen.storyboard in Resources */ = {isa = PBXBuildFile; fileRef = C09CD2152A84A1A900C58757 /* LaunchScreen.storyboard */; };
		C09CD2222A84A1AA00C58757 /* MovieTicketBookingAppTests.swift in Sources */ = {isa = PBXBuildFile; fileRef = C09CD2212A84A1AA00C58757 /* MovieTicketBookingAppTests.swift */; };
		C09CD22C2A84A1AA00C58757 /* MovieTicketBookingAppUITests.swift in Sources */ = {isa = PBXBuildFile; fileRef = C09CD22B2A84A1AA00C58757 /* MovieTicketBookingAppUITests.swift */; };
		C09CD22E2A84A1AA00C58757 /* MovieTicketBookingAppUITestsLaunchTests.swift in Sources */ = {isa = PBXBuildFile; fileRef = C09CD22D2A84A1AA00C58757 /* MovieTicketBookingAppUITestsLaunchTests.swift */; };
/* End PBXBuildFile section */

/* Begin PBXContainerItemProxy section */
		C09CD21E2A84A1AA00C58757 /* PBXContainerItemProxy */ = {
			isa = PBXContainerItemProxy;
			containerPortal = C09CD1FF2A84A1A900C58757 /* Project object */;
			proxyType = 1;
			remoteGlobalIDString = C09CD2062A84A1A900C58757;
			remoteInfo = MovieTicketBookingApp;
		};
		C09CD2282A84A1AA00C58757 /* PBXContainerItemProxy */ = {
			isa = PBXContainerItemProxy;
			containerPortal = C09CD1FF2A84A1A900C58757 /* Project object */;
			proxyType = 1;
			remoteGlobalIDString = C09CD2062A84A1A900C58757;
			remoteInfo = MovieTicketBookingApp;
		};
/* End PBXContainerItemProxy section */

/* Begin PBXFileReference section */
		7D0736452A867048008469A0 /* MovieDetailsStoryboard.storyboard */ = {isa = PBXFileReference; lastKnownFileType = file.storyboard; path = MovieDetailsStoryboard.storyboard; sourceTree = "<group>"; };
		7D0736472A869D17008469A0 /* MovieDetailsViewController.swift */ = {isa = PBXFileReference; lastKnownFileType = sourcecode.swift; path = MovieDetailsViewController.swift; sourceTree = "<group>"; };
		7D07364B2A86A11F008469A0 /* 7673103127035251441.mp4 */ = {isa = PBXFileReference; lastKnownFileType = file; path = 7673103127035251441.mp4; sourceTree = "<group>"; };
		7D0736572A8D347C008469A0 /* APIHandler.swift */ = {isa = PBXFileReference; lastKnownFileType = sourcecode.swift; path = APIHandler.swift; sourceTree = "<group>"; };
		7D07366B2A8E5D94008469A0 /* MoviesResponseModel.swift */ = {isa = PBXFileReference; lastKnownFileType = sourcecode.swift; path = MoviesResponseModel.swift; sourceTree = "<group>"; };
		C09CD2072A84A1A900C58757 /* MovieTicketBookingApp.app */ = {isa = PBXFileReference; explicitFileType = wrapper.application; includeInIndex = 0; path = MovieTicketBookingApp.app; sourceTree = BUILT_PRODUCTS_DIR; };
		C09CD20A2A84A1A900C58757 /* AppDelegate.swift */ = {isa = PBXFileReference; lastKnownFileType = sourcecode.swift; path = AppDelegate.swift; sourceTree = "<group>"; };
		C09CD20C2A84A1A900C58757 /* SceneDelegate.swift */ = {isa = PBXFileReference; lastKnownFileType = sourcecode.swift; path = SceneDelegate.swift; sourceTree = "<group>"; };
		C09CD20E2A84A1A900C58757 /* ViewController.swift */ = {isa = PBXFileReference; lastKnownFileType = sourcecode.swift; path = ViewController.swift; sourceTree = "<group>"; };
		C09CD2112A84A1A900C58757 /* Base */ = {isa = PBXFileReference; lastKnownFileType = file.storyboard; name = Base; path = Base.lproj/Main.storyboard; sourceTree = "<group>"; };
		C09CD2132A84A1A900C58757 /* Assets.xcassets */ = {isa = PBXFileReference; lastKnownFileType = folder.assetcatalog; path = Assets.xcassets; sourceTree = "<group>"; };
		C09CD2162A84A1A900C58757 /* Base */ = {isa = PBXFileReference; lastKnownFileType = file.storyboard; name = Base; path = Base.lproj/LaunchScreen.storyboard; sourceTree = "<group>"; };
		C09CD2182A84A1A900C58757 /* Info.plist */ = {isa = PBXFileReference; lastKnownFileType = text.plist.xml; path = Info.plist; sourceTree = "<group>"; };
		C09CD21D2A84A1AA00C58757 /* MovieTicketBookingAppTests.xctest */ = {isa = PBXFileReference; explicitFileType = wrapper.cfbundle; includeInIndex = 0; path = MovieTicketBookingAppTests.xctest; sourceTree = BUILT_PRODUCTS_DIR; };
		C09CD2212A84A1AA00C58757 /* MovieTicketBookingAppTests.swift */ = {isa = PBXFileReference; lastKnownFileType = sourcecode.swift; path = MovieTicketBookingAppTests.swift; sourceTree = "<group>"; };
		C09CD2272A84A1AA00C58757 /* MovieTicketBookingAppUITests.xctest */ = {isa = PBXFileReference; explicitFileType = wrapper.cfbundle; includeInIndex = 0; path = MovieTicketBookingAppUITests.xctest; sourceTree = BUILT_PRODUCTS_DIR; };
		C09CD22B2A84A1AA00C58757 /* MovieTicketBookingAppUITests.swift */ = {isa = PBXFileReference; lastKnownFileType = sourcecode.swift; path = MovieTicketBookingAppUITests.swift; sourceTree = "<group>"; };
		C09CD22D2A84A1AA00C58757 /* MovieTicketBookingAppUITestsLaunchTests.swift */ = {isa = PBXFileReference; lastKnownFileType = sourcecode.swift; path = MovieTicketBookingAppUITestsLaunchTests.swift; sourceTree = "<group>"; };
/* End PBXFileReference section */

/* Begin PBXFrameworksBuildPhase section */
		C09CD2042A84A1A900C58757 /* Frameworks */ = {
			isa = PBXFrameworksBuildPhase;
			buildActionMask = 2147483647;
			files = (
				7D07366A2A8D5A64008469A0 /* Kingfisher in Frameworks */,
				7D07365B2A8D349B008469A0 /* Alamofire in Frameworks */,
			);
			runOnlyForDeploymentPostprocessing = 0;
		};
		C09CD21A2A84A1AA00C58757 /* Frameworks */ = {
			isa = PBXFrameworksBuildPhase;
			buildActionMask = 2147483647;
			files = (
			);
			runOnlyForDeploymentPostprocessing = 0;
		};
		C09CD2242A84A1AA00C58757 /* Frameworks */ = {
			isa = PBXFrameworksBuildPhase;
			buildActionMask = 2147483647;
			files = (
			);
			runOnlyForDeploymentPostprocessing = 0;
		};
/* End PBXFrameworksBuildPhase section */

/* Begin PBXGroup section */
		C09CD1FE2A84A1A900C58757 = {
			isa = PBXGroup;
			children = (
				C09CD2092A84A1A900C58757 /* MovieTicketBookingApp */,
				C09CD2202A84A1AA00C58757 /* MovieTicketBookingAppTests */,
				C09CD22A2A84A1AA00C58757 /* MovieTicketBookingAppUITests */,
				C09CD2082A84A1A900C58757 /* Products */,
			);
			sourceTree = "<group>";
		};
		C09CD2082A84A1A900C58757 /* Products */ = {
			isa = PBXGroup;
			children = (
				C09CD2072A84A1A900C58757 /* MovieTicketBookingApp.app */,
				C09CD21D2A84A1AA00C58757 /* MovieTicketBookingAppTests.xctest */,
				C09CD2272A84A1AA00C58757 /* MovieTicketBookingAppUITests.xctest */,
			);
			name = Products;
			sourceTree = "<group>";
		};
		C09CD2092A84A1A900C58757 /* MovieTicketBookingApp */ = {
			isa = PBXGroup;
			children = (
				7D07364B2A86A11F008469A0 /* 7673103127035251441.mp4 */,
				C09CD20A2A84A1A900C58757 /* AppDelegate.swift */,
				C09CD20C2A84A1A900C58757 /* SceneDelegate.swift */,
				C09CD20E2A84A1A900C58757 /* ViewController.swift */,
				C09CD2102A84A1A900C58757 /* Main.storyboard */,
				C09CD2132A84A1A900C58757 /* Assets.xcassets */,
				C09CD2152A84A1A900C58757 /* LaunchScreen.storyboard */,
				C09CD2182A84A1A900C58757 /* Info.plist */,
				7D0736452A867048008469A0 /* MovieDetailsStoryboard.storyboard */,
				7D0736472A869D17008469A0 /* MovieDetailsViewController.swift */,
				7D0736572A8D347C008469A0 /* APIHandler.swift */,
				7D07366B2A8E5D94008469A0 /* MoviesResponseModel.swift */,
			);
			path = MovieTicketBookingApp;
			sourceTree = "<group>";
		};
		C09CD2202A84A1AA00C58757 /* MovieTicketBookingAppTests */ = {
			isa = PBXGroup;
			children = (
				C09CD2212A84A1AA00C58757 /* MovieTicketBookingAppTests.swift */,
			);
			path = MovieTicketBookingAppTests;
			sourceTree = "<group>";
		};
		C09CD22A2A84A1AA00C58757 /* MovieTicketBookingAppUITests */ = {
			isa = PBXGroup;
			children = (
				C09CD22B2A84A1AA00C58757 /* MovieTicketBookingAppUITests.swift */,
				C09CD22D2A84A1AA00C58757 /* MovieTicketBookingAppUITestsLaunchTests.swift */,
			);
			path = MovieTicketBookingAppUITests;
			sourceTree = "<group>";
		};
/* End PBXGroup section */

/* Begin PBXNativeTarget section */
		C09CD2062A84A1A900C58757 /* MovieTicketBookingApp */ = {
			isa = PBXNativeTarget;
			buildConfigurationList = C09CD2312A84A1AA00C58757 /* Build configuration list for PBXNativeTarget "MovieTicketBookingApp" */;
			buildPhases = (
				C09CD2032A84A1A900C58757 /* Sources */,
				C09CD2042A84A1A900C58757 /* Frameworks */,
				C09CD2052A84A1A900C58757 /* Resources */,
			);
			buildRules = (
			);
			dependencies = (
			);
			name = MovieTicketBookingApp;
			packageProductDependencies = (
				7D07365A2A8D349B008469A0 /* Alamofire */,
				7D0736692A8D5A64008469A0 /* Kingfisher */,
			);
			productName = MovieTicketBookingApp;
			productReference = C09CD2072A84A1A900C58757 /* MovieTicketBookingApp.app */;
			productType = "com.apple.product-type.application";
		};
		C09CD21C2A84A1AA00C58757 /* MovieTicketBookingAppTests */ = {
			isa = PBXNativeTarget;
			buildConfigurationList = C09CD2342A84A1AA00C58757 /* Build configuration list for PBXNativeTarget "MovieTicketBookingAppTests" */;
			buildPhases = (
				C09CD2192A84A1AA00C58757 /* Sources */,
				C09CD21A2A84A1AA00C58757 /* Frameworks */,
				C09CD21B2A84A1AA00C58757 /* Resources */,
			);
			buildRules = (
			);
			dependencies = (
				C09CD21F2A84A1AA00C58757 /* PBXTargetDependency */,
			);
			name = MovieTicketBookingAppTests;
			productName = MovieTicketBookingAppTests;
			productReference = C09CD21D2A84A1AA00C58757 /* MovieTicketBookingAppTests.xctest */;
			productType = "com.apple.product-type.bundle.unit-test";
		};
		C09CD2262A84A1AA00C58757 /* MovieTicketBookingAppUITests */ = {
			isa = PBXNativeTarget;
			buildConfigurationList = C09CD2372A84A1AA00C58757 /* Build configuration list for PBXNativeTarget "MovieTicketBookingAppUITests" */;
			buildPhases = (
				C09CD2232A84A1AA00C58757 /* Sources */,
				C09CD2242A84A1AA00C58757 /* Frameworks */,
				C09CD2252A84A1AA00C58757 /* Resources */,
			);
			buildRules = (
			);
			dependencies = (
				C09CD2292A84A1AA00C58757 /* PBXTargetDependency */,
			);
			name = MovieTicketBookingAppUITests;
			productName = MovieTicketBookingAppUITests;
			productReference = C09CD2272A84A1AA00C58757 /* MovieTicketBookingAppUITests.xctest */;
			productType = "com.apple.product-type.bundle.ui-testing";
		};
/* End PBXNativeTarget section */

/* Begin PBXProject section */
		C09CD1FF2A84A1A900C58757 /* Project object */ = {
			isa = PBXProject;
			attributes = {
				BuildIndependentTargetsInParallel = 1;
				LastSwiftUpdateCheck = 1430;
				LastUpgradeCheck = 1430;
				TargetAttributes = {
					C09CD2062A84A1A900C58757 = {
						CreatedOnToolsVersion = 14.3.1;
					};
					C09CD21C2A84A1AA00C58757 = {
						CreatedOnToolsVersion = 14.3.1;
						TestTargetID = C09CD2062A84A1A900C58757;
					};
					C09CD2262A84A1AA00C58757 = {
						CreatedOnToolsVersion = 14.3.1;
						TestTargetID = C09CD2062A84A1A900C58757;
					};
				};
			};
			buildConfigurationList = C09CD2022A84A1A900C58757 /* Build configuration list for PBXProject "MovieTicketBookingApp" */;
			compatibilityVersion = "Xcode 14.0";
			developmentRegion = en;
			hasScannedForEncodings = 0;
			knownRegions = (
				en,
				Base,
			);
			mainGroup = C09CD1FE2A84A1A900C58757;
			packageReferences = (
				7D0736592A8D349B008469A0 /* XCRemoteSwiftPackageReference "Alamofire" */,
				7D0736682A8D5A64008469A0 /* XCRemoteSwiftPackageReference "Kingfisher" */,
			);
			productRefGroup = C09CD2082A84A1A900C58757 /* Products */;
			projectDirPath = "";
			projectRoot = "";
			targets = (
				C09CD2062A84A1A900C58757 /* MovieTicketBookingApp */,
				C09CD21C2A84A1AA00C58757 /* MovieTicketBookingAppTests */,
				C09CD2262A84A1AA00C58757 /* MovieTicketBookingAppUITests */,
			);
		};
/* End PBXProject section */

/* Begin PBXResourcesBuildPhase section */
		C09CD2052A84A1A900C58757 /* Resources */ = {
			isa = PBXResourcesBuildPhase;
			buildActionMask = 2147483647;
			files = (
				C09CD2172A84A1A900C58757 /* LaunchScreen.storyboard in Resources */,
				7D0736462A867048008469A0 /* MovieDetailsStoryboard.storyboard in Resources */,
				7D07364C2A86A11F008469A0 /* 7673103127035251441.mp4 in Resources */,
				C09CD2142A84A1A900C58757 /* Assets.xcassets in Resources */,
				C09CD2122A84A1A900C58757 /* Main.storyboard in Resources */,
			);
			runOnlyForDeploymentPostprocessing = 0;
		};
		C09CD21B2A84A1AA00C58757 /* Resources */ = {
			isa = PBXResourcesBuildPhase;
			buildActionMask = 2147483647;
			files = (
			);
			runOnlyForDeploymentPostprocessing = 0;
		};
		C09CD2252A84A1AA00C58757 /* Resources */ = {
			isa = PBXResourcesBuildPhase;
			buildActionMask = 2147483647;
			files = (
			);
			runOnlyForDeploymentPostprocessing = 0;
		};
/* End PBXResourcesBuildPhase section */

/* Begin PBXSourcesBuildPhase section */
		C09CD2032A84A1A900C58757 /* Sources */ = {
			isa = PBXSourcesBuildPhase;
			buildActionMask = 2147483647;
			files = (
				7D0736482A869D17008469A0 /* MovieDetailsViewController.swift in Sources */,
				C09CD20F2A84A1A900C58757 /* ViewController.swift in Sources */,
				7D0736582A8D347C008469A0 /* APIHandler.swift in Sources */,
				C09CD20B2A84A1A900C58757 /* AppDelegate.swift in Sources */,
				C09CD20D2A84A1A900C58757 /* SceneDelegate.swift in Sources */,
				7D07366C2A8E5D94008469A0 /* MoviesResponseModel.swift in Sources */,
			);
			runOnlyForDeploymentPostprocessing = 0;
		};
		C09CD2192A84A1AA00C58757 /* Sources */ = {
			isa = PBXSourcesBuildPhase;
			buildActionMask = 2147483647;
			files = (
				C09CD2222A84A1AA00C58757 /* MovieTicketBookingAppTests.swift in Sources */,
			);
			runOnlyForDeploymentPostprocessing = 0;
		};
		C09CD2232A84A1AA00C58757 /* Sources */ = {
			isa = PBXSourcesBuildPhase;
			buildActionMask = 2147483647;
			files = (
				C09CD22C2A84A1AA00C58757 /* MovieTicketBookingAppUITests.swift in Sources */,
				C09CD22E2A84A1AA00C58757 /* MovieTicketBookingAppUITestsLaunchTests.swift in Sources */,
			);
			runOnlyForDeploymentPostprocessing = 0;
		};
/* End PBXSourcesBuildPhase section */

/* Begin PBXTargetDependency section */
		C09CD21F2A84A1AA00C58757 /* PBXTargetDependency */ = {
			isa = PBXTargetDependency;
			target = C09CD2062A84A1A900C58757 /* MovieTicketBookingApp */;
			targetProxy = C09CD21E2A84A1AA00C58757 /* PBXContainerItemProxy */;
		};
		C09CD2292A84A1AA00C58757 /* PBXTargetDependency */ = {
			isa = PBXTargetDependency;
			target = C09CD2062A84A1A900C58757 /* MovieTicketBookingApp */;
			targetProxy = C09CD2282A84A1AA00C58757 /* PBXContainerItemProxy */;
		};
/* End PBXTargetDependency section */

/* Begin PBXVariantGroup section */
		C09CD2102A84A1A900C58757 /* Main.storyboard */ = {
			isa = PBXVariantGroup;
			children = (
				C09CD2112A84A1A900C58757 /* Base */,
			);
			name = Main.storyboard;
			sourceTree = "<group>";
		};
		C09CD2152A84A1A900C58757 /* LaunchScreen.storyboard */ = {
			isa = PBXVariantGroup;
			children = (
				C09CD2162A84A1A900C58757 /* Base */,
			);
			name = LaunchScreen.storyboard;
			sourceTree = "<group>";
		};
/* End PBXVariantGroup section */

/* Begin XCBuildConfiguration section */
		C09CD22F2A84A1AA00C58757 /* Debug */ = {
			isa = XCBuildConfiguration;
			buildSettings = {
				ALWAYS_SEARCH_USER_PATHS = NO;
				CLANG_ANALYZER_NONNULL = YES;
				CLANG_ANALYZER_NUMBER_OBJECT_CONVERSION = YES_AGGRESSIVE;
				CLANG_CXX_LANGUAGE_STANDARD = "gnu++20";
				CLANG_ENABLE_MODULES = YES;
				CLANG_ENABLE_OBJC_ARC = YES;
				CLANG_ENABLE_OBJC_WEAK = YES;
				CLANG_WARN_BLOCK_CAPTURE_AUTORELEASING = YES;
				CLANG_WARN_BOOL_CONVERSION = YES;
				CLANG_WARN_COMMA = YES;
				CLANG_WARN_CONSTANT_CONVERSION = YES;
				CLANG_WARN_DEPRECATED_OBJC_IMPLEMENTATIONS = YES;
				CLANG_WARN_DIRECT_OBJC_ISA_USAGE = YES_ERROR;
				CLANG_WARN_DOCUMENTATION_COMMENTS = YES;
				CLANG_WARN_EMPTY_BODY = YES;
				CLANG_WARN_ENUM_CONVERSION = YES;
				CLANG_WARN_INFINITE_RECURSION = YES;
				CLANG_WARN_INT_CONVERSION = YES;
				CLANG_WARN_NON_LITERAL_NULL_CONVERSION = YES;
				CLANG_WARN_OBJC_IMPLICIT_RETAIN_SELF = YES;
				CLANG_WARN_OBJC_LITERAL_CONVERSION = YES;
				CLANG_WARN_OBJC_ROOT_CLASS = YES_ERROR;
				CLANG_WARN_QUOTED_INCLUDE_IN_FRAMEWORK_HEADER = YES;
				CLANG_WARN_RANGE_LOOP_ANALYSIS = YES;
				CLANG_WARN_STRICT_PROTOTYPES = YES;
				CLANG_WARN_SUSPICIOUS_MOVE = YES;
				CLANG_WARN_UNGUARDED_AVAILABILITY = YES_AGGRESSIVE;
				CLANG_WARN_UNREACHABLE_CODE = YES;
				CLANG_WARN__DUPLICATE_METHOD_MATCH = YES;
				COPY_PHASE_STRIP = NO;
				DEBUG_INFORMATION_FORMAT = dwarf;
				ENABLE_STRICT_OBJC_MSGSEND = YES;
				ENABLE_TESTABILITY = YES;
				GCC_C_LANGUAGE_STANDARD = gnu11;
				GCC_DYNAMIC_NO_PIC = NO;
				GCC_NO_COMMON_BLOCKS = YES;
				GCC_OPTIMIZATION_LEVEL = 0;
				GCC_PREPROCESSOR_DEFINITIONS = (
					"DEBUG=1",
					"$(inherited)",
				);
				GCC_WARN_64_TO_32_BIT_CONVERSION = YES;
				GCC_WARN_ABOUT_RETURN_TYPE = YES_ERROR;
				GCC_WARN_UNDECLARED_SELECTOR = YES;
				GCC_WARN_UNINITIALIZED_AUTOS = YES_AGGRESSIVE;
				GCC_WARN_UNUSED_FUNCTION = YES;
				GCC_WARN_UNUSED_VARIABLE = YES;
				IPHONEOS_DEPLOYMENT_TARGET = 16.4;
				MTL_ENABLE_DEBUG_INFO = INCLUDE_SOURCE;
				MTL_FAST_MATH = YES;
				ONLY_ACTIVE_ARCH = YES;
				SDKROOT = iphoneos;
				SWIFT_ACTIVE_COMPILATION_CONDITIONS = DEBUG;
				SWIFT_OPTIMIZATION_LEVEL = "-Onone";
			};
			name = Debug;
		};
		C09CD2302A84A1AA00C58757 /* Release */ = {
			isa = XCBuildConfiguration;
			buildSettings = {
				ALWAYS_SEARCH_USER_PATHS = NO;
				CLANG_ANALYZER_NONNULL = YES;
				CLANG_ANALYZER_NUMBER_OBJECT_CONVERSION = YES_AGGRESSIVE;
				CLANG_CXX_LANGUAGE_STANDARD = "gnu++20";
				CLANG_ENABLE_MODULES = YES;
				CLANG_ENABLE_OBJC_ARC = YES;
				CLANG_ENABLE_OBJC_WEAK = YES;
				CLANG_WARN_BLOCK_CAPTURE_AUTORELEASING = YES;
				CLANG_WARN_BOOL_CONVERSION = YES;
				CLANG_WARN_COMMA = YES;
				CLANG_WARN_CONSTANT_CONVERSION = YES;
				CLANG_WARN_DEPRECATED_OBJC_IMPLEMENTATIONS = YES;
				CLANG_WARN_DIRECT_OBJC_ISA_USAGE = YES_ERROR;
				CLANG_WARN_DOCUMENTATION_COMMENTS = YES;
				CLANG_WARN_EMPTY_BODY = YES;
				CLANG_WARN_ENUM_CONVERSION = YES;
				CLANG_WARN_INFINITE_RECURSION = YES;
				CLANG_WARN_INT_CONVERSION = YES;
				CLANG_WARN_NON_LITERAL_NULL_CONVERSION = YES;
				CLANG_WARN_OBJC_IMPLICIT_RETAIN_SELF = YES;
				CLANG_WARN_OBJC_LITERAL_CONVERSION = YES;
				CLANG_WARN_OBJC_ROOT_CLASS = YES_ERROR;
				CLANG_WARN_QUOTED_INCLUDE_IN_FRAMEWORK_HEADER = YES;
				CLANG_WARN_RANGE_LOOP_ANALYSIS = YES;
				CLANG_WARN_STRICT_PROTOTYPES = YES;
				CLANG_WARN_SUSPICIOUS_MOVE = YES;
				CLANG_WARN_UNGUARDED_AVAILABILITY = YES_AGGRESSIVE;
				CLANG_WARN_UNREACHABLE_CODE = YES;
				CLANG_WARN__DUPLICATE_METHOD_MATCH = YES;
				COPY_PHASE_STRIP = NO;
				DEBUG_INFORMATION_FORMAT = "dwarf-with-dsym";
				ENABLE_NS_ASSERTIONS = NO;
				ENABLE_STRICT_OBJC_MSGSEND = YES;
				GCC_C_LANGUAGE_STANDARD = gnu11;
				GCC_NO_COMMON_BLOCKS = YES;
				GCC_WARN_64_TO_32_BIT_CONVERSION = YES;
				GCC_WARN_ABOUT_RETURN_TYPE = YES_ERROR;
				GCC_WARN_UNDECLARED_SELECTOR = YES;
				GCC_WARN_UNINITIALIZED_AUTOS = YES_AGGRESSIVE;
				GCC_WARN_UNUSED_FUNCTION = YES;
				GCC_WARN_UNUSED_VARIABLE = YES;
				IPHONEOS_DEPLOYMENT_TARGET = 16.4;
				MTL_ENABLE_DEBUG_INFO = NO;
				MTL_FAST_MATH = YES;
				SDKROOT = iphoneos;
				SWIFT_COMPILATION_MODE = wholemodule;
				SWIFT_OPTIMIZATION_LEVEL = "-O";
				VALIDATE_PRODUCT = YES;
			};
			name = Release;
		};
		C09CD2322A84A1AA00C58757 /* Debug */ = {
			isa = XCBuildConfiguration;
			buildSettings = {
				ASSETCATALOG_COMPILER_APPICON_NAME = AppIcon;
				ASSETCATALOG_COMPILER_GLOBAL_ACCENT_COLOR_NAME = AccentColor;
				CODE_SIGN_STYLE = Automatic;
				CURRENT_PROJECT_VERSION = 1;
				GENERATE_INFOPLIST_FILE = YES;
				INFOPLIST_FILE = MovieTicketBookingApp/Info.plist;
				INFOPLIST_KEY_UIApplicationSupportsIndirectInputEvents = YES;
				INFOPLIST_KEY_UILaunchStoryboardName = LaunchScreen;
				INFOPLIST_KEY_UIMainStoryboardFile = MovieDetailsStoryboard;
				INFOPLIST_KEY_UISupportedInterfaceOrientations_iPad = "UIInterfaceOrientationPortrait UIInterfaceOrientationPortraitUpsideDown UIInterfaceOrientationLandscapeLeft UIInterfaceOrientationLandscapeRight";
				INFOPLIST_KEY_UISupportedInterfaceOrientations_iPhone = "UIInterfaceOrientationPortrait UIInterfaceOrientationLandscapeLeft UIInterfaceOrientationLandscapeRight";
				LD_RUNPATH_SEARCH_PATHS = (
					"$(inherited)",
					"@executable_path/Frameworks",
				);
				MARKETING_VERSION = 1.0;
				PRODUCT_BUNDLE_IDENTIFIER = app.MovieTicketBooking.MovieTicketBookingApp;
				PRODUCT_NAME = "$(TARGET_NAME)";
				SWIFT_EMIT_LOC_STRINGS = YES;
				SWIFT_VERSION = 5.0;
				TARGETED_DEVICE_FAMILY = "1,2";
			};
			name = Debug;
		};
		C09CD2332A84A1AA00C58757 /* Release */ = {
			isa = XCBuildConfiguration;
			buildSettings = {
				ASSETCATALOG_COMPILER_APPICON_NAME = AppIcon;
				ASSETCATALOG_COMPILER_GLOBAL_ACCENT_COLOR_NAME = AccentColor;
				CODE_SIGN_STYLE = Automatic;
				CURRENT_PROJECT_VERSION = 1;
				GENERATE_INFOPLIST_FILE = YES;
				INFOPLIST_FILE = MovieTicketBookingApp/Info.plist;
				INFOPLIST_KEY_UIApplicationSupportsIndirectInputEvents = YES;
				INFOPLIST_KEY_UILaunchStoryboardName = LaunchScreen;
				INFOPLIST_KEY_UIMainStoryboardFile = MovieDetailsStoryboard;
				INFOPLIST_KEY_UISupportedInterfaceOrientations_iPad = "UIInterfaceOrientationPortrait UIInterfaceOrientationPortraitUpsideDown UIInterfaceOrientationLandscapeLeft UIInterfaceOrientationLandscapeRight";
				INFOPLIST_KEY_UISupportedInterfaceOrientations_iPhone = "UIInterfaceOrientationPortrait UIInterfaceOrientationLandscapeLeft UIInterfaceOrientationLandscapeRight";
				LD_RUNPATH_SEARCH_PATHS = (
					"$(inherited)",
					"@executable_path/Frameworks",
				);
				MARKETING_VERSION = 1.0;
				PRODUCT_BUNDLE_IDENTIFIER = app.MovieTicketBooking.MovieTicketBookingApp;
				PRODUCT_NAME = "$(TARGET_NAME)";
				SWIFT_EMIT_LOC_STRINGS = YES;
				SWIFT_VERSION = 5.0;
				TARGETED_DEVICE_FAMILY = "1,2";
			};
			name = Release;
		};
		C09CD2352A84A1AA00C58757 /* Debug */ = {
			isa = XCBuildConfiguration;
			buildSettings = {
				ALWAYS_EMBED_SWIFT_STANDARD_LIBRARIES = YES;
				BUNDLE_LOADER = "$(TEST_HOST)";
				CODE_SIGN_STYLE = Automatic;
				CURRENT_PROJECT_VERSION = 1;
				GENERATE_INFOPLIST_FILE = YES;
				IPHONEOS_DEPLOYMENT_TARGET = 16.4;
				MARKETING_VERSION = 1.0;
				PRODUCT_BUNDLE_IDENTIFIER = app.MovieTicketBooking.MovieTicketBookingAppTests;
				PRODUCT_NAME = "$(TARGET_NAME)";
				SWIFT_EMIT_LOC_STRINGS = NO;
				SWIFT_VERSION = 5.0;
				TARGETED_DEVICE_FAMILY = "1,2";
				TEST_HOST = "$(BUILT_PRODUCTS_DIR)/MovieTicketBookingApp.app/$(BUNDLE_EXECUTABLE_FOLDER_PATH)/MovieTicketBookingApp";
			};
			name = Debug;
		};
		C09CD2362A84A1AA00C58757 /* Release */ = {
			isa = XCBuildConfiguration;
			buildSettings = {
				ALWAYS_EMBED_SWIFT_STANDARD_LIBRARIES = YES;
				BUNDLE_LOADER = "$(TEST_HOST)";
				CODE_SIGN_STYLE = Automatic;
				CURRENT_PROJECT_VERSION = 1;
				GENERATE_INFOPLIST_FILE = YES;
				IPHONEOS_DEPLOYMENT_TARGET = 16.4;
				MARKETING_VERSION = 1.0;
				PRODUCT_BUNDLE_IDENTIFIER = app.MovieTicketBooking.MovieTicketBookingAppTests;
				PRODUCT_NAME = "$(TARGET_NAME)";
				SWIFT_EMIT_LOC_STRINGS = NO;
				SWIFT_VERSION = 5.0;
				TARGETED_DEVICE_FAMILY = "1,2";
				TEST_HOST = "$(BUILT_PRODUCTS_DIR)/MovieTicketBookingApp.app/$(BUNDLE_EXECUTABLE_FOLDER_PATH)/MovieTicketBookingApp";
			};
			name = Release;
		};
		C09CD2382A84A1AA00C58757 /* Debug */ = {
			isa = XCBuildConfiguration;
			buildSettings = {
				ALWAYS_EMBED_SWIFT_STANDARD_LIBRARIES = YES;
				CODE_SIGN_STYLE = Automatic;
				CURRENT_PROJECT_VERSION = 1;
				GENERATE_INFOPLIST_FILE = YES;
				MARKETING_VERSION = 1.0;
				PRODUCT_BUNDLE_IDENTIFIER = app.MovieTicketBooking.MovieTicketBookingAppUITests;
				PRODUCT_NAME = "$(TARGET_NAME)";
				SWIFT_EMIT_LOC_STRINGS = NO;
				SWIFT_VERSION = 5.0;
				TARGETED_DEVICE_FAMILY = "1,2";
				TEST_TARGET_NAME = MovieTicketBookingApp;
			};
			name = Debug;
		};
		C09CD2392A84A1AA00C58757 /* Release */ = {
			isa = XCBuildConfiguration;
			buildSettings = {
				ALWAYS_EMBED_SWIFT_STANDARD_LIBRARIES = YES;
				CODE_SIGN_STYLE = Automatic;
				CURRENT_PROJECT_VERSION = 1;
				GENERATE_INFOPLIST_FILE = YES;
				MARKETING_VERSION = 1.0;
				PRODUCT_BUNDLE_IDENTIFIER = app.MovieTicketBooking.MovieTicketBookingAppUITests;
				PRODUCT_NAME = "$(TARGET_NAME)";
				SWIFT_EMIT_LOC_STRINGS = NO;
				SWIFT_VERSION = 5.0;
				TARGETED_DEVICE_FAMILY = "1,2";
				TEST_TARGET_NAME = MovieTicketBookingApp;
			};
			name = Release;
		};
/* End XCBuildConfiguration section */

/* Begin XCConfigurationList section */
		C09CD2022A84A1A900C58757 /* Build configuration list for PBXProject "MovieTicketBookingApp" */ = {
			isa = XCConfigurationList;
			buildConfigurations = (
				C09CD22F2A84A1AA00C58757 /* Debug */,
				C09CD2302A84A1AA00C58757 /* Release */,
			);
			defaultConfigurationIsVisible = 0;
			defaultConfigurationName = Release;
		};
		C09CD2312A84A1AA00C58757 /* Build configuration list for PBXNativeTarget "MovieTicketBookingApp" */ = {
			isa = XCConfigurationList;
			buildConfigurations = (
				C09CD2322A84A1AA00C58757 /* Debug */,
				C09CD2332A84A1AA00C58757 /* Release */,
			);
			defaultConfigurationIsVisible = 0;
			defaultConfigurationName = Release;
		};
		C09CD2342A84A1AA00C58757 /* Build configuration list for PBXNativeTarget "MovieTicketBookingAppTests" */ = {
			isa = XCConfigurationList;
			buildConfigurations = (
				C09CD2352A84A1AA00C58757 /* Debug */,
				C09CD2362A84A1AA00C58757 /* Release */,
			);
			defaultConfigurationIsVisible = 0;
			defaultConfigurationName = Release;
		};
		C09CD2372A84A1AA00C58757 /* Build configuration list for PBXNativeTarget "MovieTicketBookingAppUITests" */ = {
			isa = XCConfigurationList;
			buildConfigurations = (
				C09CD2382A84A1AA00C58757 /* Debug */,
				C09CD2392A84A1AA00C58757 /* Release */,
			);
			defaultConfigurationIsVisible = 0;
			defaultConfigurationName = Release;
		};
/* End XCConfigurationList section */

/* Begin XCRemoteSwiftPackageReference section */
		7D0736592A8D349B008469A0 /* XCRemoteSwiftPackageReference "Alamofire" */ = {
			isa = XCRemoteSwiftPackageReference;
			repositoryURL = "https://github.com/Alamofire/Alamofire.git";
			requirement = {
				kind = upToNextMajorVersion;
				minimumVersion = 5.0.0;
			};
		};
		7D0736682A8D5A64008469A0 /* XCRemoteSwiftPackageReference "Kingfisher" */ = {
			isa = XCRemoteSwiftPackageReference;
			repositoryURL = "https://github.com/onevcat/Kingfisher.git";
			requirement = {
				kind = upToNextMajorVersion;
				minimumVersion = 7.0.0;
			};
		};
/* End XCRemoteSwiftPackageReference section */

/* Begin XCSwiftPackageProductDependency section */
		7D07365A2A8D349B008469A0 /* Alamofire */ = {
			isa = XCSwiftPackageProductDependency;
			package = 7D0736592A8D349B008469A0 /* XCRemoteSwiftPackageReference "Alamofire" */;
			productName = Alamofire;
		};
		7D0736692A8D5A64008469A0 /* Kingfisher */ = {
			isa = XCSwiftPackageProductDependency;
			package = 7D0736682A8D5A64008469A0 /* XCRemoteSwiftPackageReference "Kingfisher" */;
			productName = Kingfisher;
		};
/* End XCSwiftPackageProductDependency section */
	};
	rootObject = C09CD1FF2A84A1A900C58757 /* Project object */;
}
